Microsoft Visual Studio Solution File, Format Version 12.00
# Visual Studio Version 17
VisualStudioVersion = 17.5.2.0
MinimumVisualStudioVersion = 10.0.40219.1
Project("{FAE04EC0-301F-11D3-BF4B-00C04F79EFBC}") = "MiSitioWeb", "MiSitioWeb.csproj", "{B00E1709-31D7-B9C4-153F-25ACCCD51096}"
EndProject
Global
	GlobalSection(SolutionConfigurationPlatforms) = preSolution
		Debug|Any CPU = Debug|Any CPU
		Release|Any CPU = Release|Any CPU
	EndGlobalSection
	GlobalSection(ProjectConfigurationPlatforms) = postSolution
		{B00E1709-31D7-B9C4-153F-25ACCCD51096}.Debug|Any CPU.ActiveCfg = Debug|Any CPU
		{B00E1709-31D7-B9C4-153F-25ACCCD51096}.Debug|Any CPU.Build.0 = Debug|Any CPU
		{B00E1709-31D7-B9C4-153F-25ACCCD51096}.Release|Any CPU.ActiveCfg = Release|Any CPU
		{B00E1709-31D7-B9C4-153F-25ACCCD51096}.Release|Any CPU.Build.0 = Release|Any CPU
	EndGlobalSection
	GlobalSection(SolutionProperties) = preSolution
		HideSolutionNode = FALSE
	EndGlobalSection
	GlobalSection(ExtensibilityGlobals) = postSolution
		SolutionGuid = {F35F3E9D-AECC-4849-BFBB-320FEAAF0229}
	EndGlobalSection
EndGlobal
